
Microsoft Visual Studio Solution File, Format Version 12.00
# Visual Studio Version 16
VisualStudioVersion = 16.0.29613.14
MinimumVisualStudioVersion = 10.0.40219.1
Project("{FAE04EC0-301F-11D3-BF4B-00C04F79EFBC}") = "ProjektWzorcowy", "TestProject\ProjektWzorcowy.csproj", "{82C67401-B709-4F4A-A56F-B86A8424707E}"
EndProject
Global
	GlobalSection(SolutionConfigurationPlatforms) = preSolution
		Debug|Any CPU = Debug|Any CPU
		Release|Any CPU = Release|Any CPU
	EndGlobalSection
	GlobalSection(ProjectConfigurationPlatforms) = postSolution
		{82C67401-B709-4F4A-A56F-B86A8424707E}.Debug|Any CPU.ActiveCfg = Debug|Any CPU
		{82C67401-B709-4F4A-A56F-B86A8424707E}.Debug|Any CPU.Build.0 = Debug|Any CPU
		{82C67401-B709-4F4A-A56F-B86A8424707E}.Release|Any CPU.ActiveCfg = Release|Any CPU
		{82C67401-B709-4F4A-A56F-B86A8424707E}.Release|Any CPU.Build.0 = Release|Any CPU
	EndGlobalSection
	GlobalSection(SolutionProperties) = preSolution
		HideSolutionNode = FALSE
	EndGlobalSection
	GlobalSection(ExtensibilityGlobals) = postSolution
		SolutionGuid = {65792EA2-9C36-446B-A90C-90F4963F0AAE}
	EndGlobalSection
EndGlobal
